
Microsoft Visual Studio Solution File, Format Version 12.00
# Visual Studio Version 17
VisualStudioVersion = 17.4.33205.214
MinimumVisualStudioVersion = 10.0.40219.1
Project("{8BC9CEB8-8B4A-11D0-8D11-00A0C91BC942}") = "множинне наслідування", "множинне наслідування.vcxproj", "{1E8393D5-0D99-442F-88D7-1A19A93BB03F}"
EndProject
Global
	GlobalSection(SolutionConfigurationPlatforms) = preSolution
		Debug|x64 = Debug|x64
		Debug|x86 = Debug|x86
		Release|x64 = Release|x64
		Release|x86 = Release|x86
	EndGlobalSection
	GlobalSection(ProjectConfigurationPlatforms) = postSolution
		{1E8393D5-0D99-442F-88D7-1A19A93BB03F}.Debug|x64.ActiveCfg = Debug|x64
		{1E8393D5-0D99-442F-88D7-1A19A93BB03F}.Debug|x64.Build.0 = Debug|x64
		{1E8393D5-0D99-442F-88D7-1A19A93BB03F}.Debug|x86.ActiveCfg = Debug|Win32
		{1E8393D5-0D99-442F-88D7-1A19A93BB03F}.Debug|x86.Build.0 = Debug|Win32
		{1E8393D5-0D99-442F-88D7-1A19A93BB03F}.Release|x64.ActiveCfg = Release|x64
		{1E8393D5-0D99-442F-88D7-1A19A93BB03F}.Release|x64.Build.0 = Release|x64
		{1E8393D5-0D99-442F-88D7-1A19A93BB03F}.Release|x86.ActiveCfg = Release|Win32
		{1E8393D5-0D99-442F-88D7-1A19A93BB03F}.Release|x86.Build.0 = Release|Win32
	EndGlobalSection
	GlobalSection(SolutionProperties) = preSolution
		HideSolutionNode = FALSE
	EndGlobalSection
	GlobalSection(ExtensibilityGlobals) = postSolution
		SolutionGuid = {BFF71B61-F5BF-4C8E-96BB-AA3870986CF8}
	EndGlobalSection
EndGlobal
